# This file was autogenerated by Stack.
# You should not edit this file by hand.
# For more information, please see the documentation at:
#   https://docs.haskellstack.org/en/stable/topics/lock_files

packages:
- completed:
    commit: c2cd39168e267007b4690dbf625329bac57a8185
    git: http://github.com/DaisukeBekki/JSeM
    name: jsem
    pantry-tree:
      sha256: c077c4221363f40ad472210b825128262eadba1f72d48c0f3ff304c463e24520
      size: 6040
    version: '1.1'
  original:
    commit: c2cd39168e267007b4690dbf625329bac57a8185
    git: http://github.com/DaisukeBekki/JSeM
- completed:
    commit: e4bd3783f4e872b8df29538d9219e41f40378363
    git: http://github.com/DaisukeBekki/nlp-tools
    name: nlp-tools
    pantry-tree:
      sha256: c06faa981b034f9cf3e97742d8ea9a2256c797beb65766aec3198e970144e04f
      size: 1864
    version: 0.2.0
  original:
    commit: e4bd3783f4e872b8df29538d9219e41f40378363
    git: http://github.com/DaisukeBekki/nlp-tools
- completed:
    commit: 899aae39b8c57866148fb3b19a4ac2f393ffaabd
    git: https://github.com/morning85/parserModules.git
    name: parserModules
    pantry-tree:
      sha256: 442a3932cae958b87c9bae551cdb53f245623516d74ccf3429d2cc52afada0c8
      size: 1350
    version: 0.1.0.0
  original:
    commit: 899aae39b8c57866148fb3b19a4ac2f393ffaabd
    git: https://github.com/morning85/parserModules.git
- completed:
    hackage: shakespeare-2.0.30@sha256:203d2c94bb9d75dcf37751e45e1be591d245436e1dc3f259a44e7ba415371805,5060
    pantry-tree:
      sha256: 79d2e33afdd798851a7f586cc9e8a2c1b68ac9d021b49a6541e6bbd88938d747
      size: 3991
  original:
    hackage: shakespeare-2.0.30@sha256:203d2c94bb9d75dcf37751e45e1be591d245436e1dc3f259a44e7ba415371805,5060
snapshots:
- completed:
    sha256: 87da71cb0ae9ee1ea1bf51a8eb9812f39f779be76abc0a3c926defd8afda05d1
    size: 719139
    url: https://raw.githubusercontent.com/commercialhaskell/stackage-snapshots/master/lts/22/28.yaml
  original: lts-22.28
